
Microsoft Visual Studio Solution File, Format Version 12.00
# Visual Studio Version 16
VisualStudioVersion = 16.0.33214.272
MinimumVisualStudioVersion = 10.0.40219.1
Project("{F184B08F-C81C-45F6-A57F-5ABD9991F28F}") = "HomeWork 2", "HomeWork 2.vbproj", "{0FFD7D68-ED7A-4E72-BA74-F1D10539D0B3}"
EndProject
Global
	GlobalSection(SolutionConfigurationPlatforms) = preSolution
		Debug|Any CPU = Debug|Any CPU
		Release|Any CPU = Release|Any CPU
	EndGlobalSection
	GlobalSection(ProjectConfigurationPlatforms) = postSolution
		{0FFD7D68-ED7A-4E72-BA74-F1D10539D0B3}.Debug|Any CPU.ActiveCfg = Debug|Any CPU
		{0FFD7D68-ED7A-4E72-BA74-F1D10539D0B3}.Debug|Any CPU.Build.0 = Debug|Any CPU
		{0FFD7D68-ED7A-4E72-BA74-F1D10539D0B3}.Release|Any CPU.ActiveCfg = Release|Any CPU
		{0FFD7D68-ED7A-4E72-BA74-F1D10539D0B3}.Release|Any CPU.Build.0 = Release|Any CPU
	EndGlobalSection
	GlobalSection(SolutionProperties) = preSolution
		HideSolutionNode = FALSE
	EndGlobalSection
	GlobalSection(ExtensibilityGlobals) = postSolution
		SolutionGuid = {F8E547B4-9756-491E-B768-D12407A3D560}
	EndGlobalSection
EndGlobal
